Microsoft Visual Studio Solution File, Format Version 12.00
# Visual Studio Version 17
VisualStudioVersion = 17.5.2.0
MinimumVisualStudioVersion = 10.0.40219.1
Project("{2150E333-8FDC-42A3-9474-1A3956D46DE8}") = "vendors", "vendors", "{2071B294-174D-C26A-5D8A-98447E28F04A}"
EndProject
Project("{2150E333-8FDC-42A3-9474-1A3956D46DE8}") = "github-action-benchmark", "github-action-benchmark", "{5F13F07C-9982-A436-9FFA-E6A43641B585}"
EndProject
Project("{2150E333-8FDC-42A3-9474-1A3956D46DE8}") = "examples", "examples", "{36C99988-7A36-CA0C-AC37-9A6E25DA9C7A}"
EndProject
Project("{FAE04EC0-301F-11D3-BF4B-00C04F79EFBC}") = "Sample", "vendors\github-action-benchmark\examples\benchmarkdotnet\Sample.csproj", "{762BBD6C-4CF9-C6B7-FAA3-B7A4CCBC3E83}"
EndProject
Global
	GlobalSection(SolutionConfigurationPlatforms) = preSolution
		Debug|Any CPU = Debug|Any CPU
		Release|Any CPU = Release|Any CPU
	EndGlobalSection
	GlobalSection(ProjectConfigurationPlatforms) = postSolution
		{762BBD6C-4CF9-C6B7-FAA3-B7A4CCBC3E83}.Debug|Any CPU.ActiveCfg = Debug|Any CPU
		{762BBD6C-4CF9-C6B7-FAA3-B7A4CCBC3E83}.Debug|Any CPU.Build.0 = Debug|Any CPU
		{762BBD6C-4CF9-C6B7-FAA3-B7A4CCBC3E83}.Release|Any CPU.ActiveCfg = Release|Any CPU
		{762BBD6C-4CF9-C6B7-FAA3-B7A4CCBC3E83}.Release|Any CPU.Build.0 = Release|Any CPU
	EndGlobalSection
	GlobalSection(SolutionProperties) = preSolution
		HideSolutionNode = FALSE
	EndGlobalSection
	GlobalSection(NestedProjects) = preSolution
		{5F13F07C-9982-A436-9FFA-E6A43641B585} = {2071B294-174D-C26A-5D8A-98447E28F04A}
		{36C99988-7A36-CA0C-AC37-9A6E25DA9C7A} = {5F13F07C-9982-A436-9FFA-E6A43641B585}
		{762BBD6C-4CF9-C6B7-FAA3-B7A4CCBC3E83} = {36C99988-7A36-CA0C-AC37-9A6E25DA9C7A}
	EndGlobalSection
	GlobalSection(ExtensibilityGlobals) = postSolution
		SolutionGuid = {5C1BAAE1-9CCA-403D-BBA9-F3800DDC449B}
	EndGlobalSection
EndGlobal
